schema: '2.0'
stages:
  data_cleaning:
    cmd: python src/data/data_cleaning.py
    deps:
    - path: data/raw/swiggy.csv
      hash: md5
      md5: 0b050b37dfe6cfbfaa18d7cb4e454377
      size: 7772212
    - path: src/data/data_cleaning.py
      hash: md5
      md5: 360347b22f9859048bbbdc300a0f673d
      size: 9008
    outs:
    - path: data/cleaned/swiggy_cleaned.csv
      hash: md5
      md5: f7a79d2843d3e26c4ffa5086d567e14b
      size: 4514335
  data_preparation:
    cmd: python src/data/data_preparation.py
    deps:
    - path: data/cleaned/swiggy_cleaned.csv
      hash: md5
      md5: f7a79d2843d3e26c4ffa5086d567e14b
      size: 4514335
    - path: src/data/data_preparation.py
      hash: md5
      md5: 6a206f91a625b57767aef093b8578724
      size: 3317
    params:
      params.yaml:
        Data_Preparation.random_state: 30
        Data_Preparation.test_size: 0.25
    outs:
    - path: data/interim/test.csv
      hash: md5
      md5: 4be6a9db2289b695dae6d4d5c2e06c72
      size: 1126293
    - path: data/interim/train.csv
      hash: md5
      md5: 1a6aacadba0f42eb1ce2815afdad5e1e
      size: 3379276
  data_preprocessing:
    cmd: python src/features/data_preprocessing.py
    deps:
    - path: data/interim/test.csv
      hash: md5
      md5: 4be6a9db2289b695dae6d4d5c2e06c72
      size: 1126293
    - path: data/interim/train.csv
      hash: md5
      md5: 1a6aacadba0f42eb1ce2815afdad5e1e
      size: 3379276
    - path: src/features/data_preprocessing.py
      hash: md5
      md5: 8064e274668ef9a0c41e6a9305f3cce3
      size: 6352
    outs:
    - path: data/processed/test_trans.csv
      hash: md5
      md5: 0cda4fe4ed050f63c6a8ced19594232c
      size: 1355235
    - path: data/processed/train_trans.csv
      hash: md5
      md5: 83be0e928daf5180263d9e469ed3107a
      size: 4063498
    - path: models/preprocessor.joblib
      hash: md5
      md5: f061aa8b258eb1a1bc504b7edc82d3c8
      size: 7243
  train:
    cmd: python src/models/train.py
    deps:
    - path: data/processed/train_trans.csv
      hash: md5
      md5: 83be0e928daf5180263d9e469ed3107a
      size: 4063498
    - path: src/models/train.py
      hash: md5
      md5: 30b60c09101b2bd80b62ded620f01bb6
      size: 4631
    params:
      params.yaml:
        Train.LightGBM:
          n_estimators: 32
          max_depth: 38
          learning_rate: 0.19180137911248882
          subsample: 0.7071645112302646
          min_child_weight: 7
          min_split_gain: 0.005365828476410886
          reg_lambda: 8.308142160805943
          n_jobs: -1
        Train.Random_Forest:
          n_estimators: 150
          criterion: squared_error
          max_depth: 19
          max_features:
          min_samples_split: 2
          min_samples_leaf: 5
          max_samples: 0.7106001839374338
          verbose: 1
          n_jobs: -1
    outs:
    - path: models/model.joblib
      hash: md5
      md5: 18bd11fb9d022f6813b0f91f0934c86b
      size: 48640264
    - path: models/power_transformer.joblib
      hash: md5
      md5: 1ab77064cac2c4f5f51577e221e15911
      size: 144
    - path: models/stacking_regressor.joblib
      hash: md5
      md5: ec7e9e82c3ac60e8790195b49c4ea573
      size: 48631562
  evaluation:
    cmd: python src/models/evaluation.py
    deps:
    - path: data/processed/test_trans.csv
      hash: md5
      md5: 0cda4fe4ed050f63c6a8ced19594232c
      size: 1355235
    - path: data/processed/train_trans.csv
      hash: md5
      md5: 83be0e928daf5180263d9e469ed3107a
      size: 4063498
    - path: models/model.joblib
      hash: md5
      md5: 18bd11fb9d022f6813b0f91f0934c86b
      size: 48640264
    - path: src/models/evaluation.py
      hash: md5
      md5: 2c2199ea38444846a09a4cffd9e19cea
      size: 5347
    outs:
    - path: metrics.json
      hash: md5
      md5: 7d060d5a8975b53f4344f8c4dcc4ca00
      size: 193
    - path: run_information.json
      hash: md5
      md5: 54af65a1fe2ea5ff0c8fc97d8fccf9fc
      size: 220
  register_model:
    cmd: python src/models/register_model.py
    deps:
    - path: run_information.json
      hash: md5
      md5: e52bc7f13c78e4044ae2079b5f996ae9
      size: 220
    - path: src/models/register_model.py
      hash: md5
      md5: 35d2eac02c14ffab532e3ade9e4c14e0
      size: 1765
